// !$*UTF8*$!
{
	archiveVersion = 1;
	classes = {
	};
	objectVersion = 46;
	objects = {

/* Begin PBXBuildFile section */
		3BB90D0C1C4738CC006A1F8C /* main.m in Sources */ = {isa = PBXBuildFile; fileRef = 3BB90D0B1C4738CC006A1F8C /* main.m */; };
		3BB90D0F1C4738CC006A1F8C /* AppDelegate.m in Sources */ = {isa = PBXBuildFile; fileRef = 3BB90D0E1C4738CC006A1F8C /* AppDelegate.m */; };
		3BB90D121C4738CC006A1F8C /* ViewController.m in Sources */ = {isa = PBXBuildFile; fileRef = 3BB90D111C4738CC006A1F8C /* ViewController.m */; };
		3BB90D151C4738CC006A1F8C /* Main.storyboard in Resources */ = {isa = PBXBuildFile; fileRef = 3BB90D131C4738CC006A1F8C /* Main.storyboard */; };
		3BB90D171C4738CC006A1F8C /* Assets.xcassets in Resources */ = {isa = PBXBuildFile; fileRef = 3BB90D161C4738CC006A1F8C /* Assets.xcassets */; };
		3BB90D1A1C4738CC006A1F8C /* LaunchScreen.storyboard in Resources */ = {isa = PBXBuildFile; fileRef = 3BB90D181C4738CC006A1F8C /* LaunchScreen.storyboard */; };
/* End PBXBuildFile section */

/* Begin PBXFileReference section */
		3BB90D071C4738CC006A1F8C /* sll-textGitHubPG.app */ = {isa = PBXFileReference; explicitFileType = wrapper.application; includeInIndex = 0; path = "sll-textGitHubPG.app"; sourceTree = BUILT_PRODUCTS_DIR; };
		3BB90D0B1C4738CC006A1F8C /* main.m */ = {isa = PBXFileReference; lastKnownFileType = sourcecode.c.objc; path = main.m; sourceTree = "<group>"; };
		3BB90D0D1C4738CC006A1F8C /* AppDelegate.h */ = {isa = PBXFileReference; lastKnownFileType = sourcecode.c.h; path = AppDelegate.h; sourceTree = "<group>"; };
		3BB90D0E1C4738CC006A1F8C /* AppDelegate.m */ = {isa = PBXFileReference; lastKnownFileType = sourcecode.c.objc; path = AppDelegate.m; sourceTree = "<group>"; };
		3BB90D101C4738CC006A1F8C /* ViewController.h */ = {isa = PBXFileReference; lastKnownFileType = sourcecode.c.h; path = ViewController.h; sourceTree = "<group>"; };
		3BB90D111C4738CC006A1F8C /* ViewController.m */ = {isa = PBXFileReference; lastKnownFileType = sourcecode.c.objc; path = ViewController.m; sourceTree = "<group>"; };
		3BB90D141C4738CC006A1F8C /* Base */ = {isa = PBXFileReference; lastKnownFileType = file.storyboard; name = Base; path = Base.lproj/Main.storyboard; sourceTree = "<group>"; };
		3BB90D161C4738CC006A1F8C /* Assets.xcassets */ = {isa = PBXFileReference; lastKnownFileType = folder.assetcatalog; path = Assets.xcassets; sourceTree = "<group>"; };
		3BB90D191C4738CC006A1F8C /* Base */ = {isa = PBXFileReference; lastKnownFileType = file.storyboard; name = Base; path = Base.lproj/LaunchScreen.storyboard; sourceTree = "<group>"; };
		3BB90D1B1C4738CC006A1F8C /* Info.plist */ = {isa = PBXFileReference; lastKnownFileType = text.plist.xml; path = Info.plist; sourceTree = "<group>"; };
/* End PBXFileReference section */

/* Begin PBXFrameworksBuildPhase section */
		3BB90D041C4738CC006A1F8C /* Frameworks */ = {
			isa = PBXFrameworksBuildPhase;
			buildActionMask = 2147483647;
			files = (
			);
			runOnlyForDeploymentPostprocessing = 0;
		};
/* End PBXFrameworksBuildPhase section */

/* Begin PBXGroup section */
		3BB90CFE1C4738CC006A1F8C = {
			isa = PBXGroup;
			children = (
				3BB90D091C4738CC006A1F8C /* sll-textGitHubPG */,
				3BB90D081C4738CC006A1F8C /* Products */,
			);
			sourceTree = "<group>";
		};
		3BB90D081C4738CC006A1F8C /* Products */ = {
			isa = PBXGroup;
			children = (
				3BB90D071C4738CC006A1F8C /* sll-textGitHubPG.app */,
			);
			name = Products;
			sourceTree = "<group>";
		};
		3BB90D091C4738CC006A1F8C /* sll-textGitHubPG */ = {
			isa = PBXGroup;
			children = (
				3BB90D0D1C4738CC006A1F8C /* AppDelegate.h */,
				3BB90D0E1C4738CC006A1F8C /* AppDelegate.m */,
				3BB90D101C4738CC006A1F8C /* ViewController.h */,
				3BB90D111C4738CC006A1F8C /* ViewController.m */,
				3BB90D131C4738CC006A1F8C /* Main.storyboard */,
				3BB90D161C4738CC006A1F8C /* Assets.xcassets */,
				3BB90D181C4738CC006A1F8C /* LaunchScreen.storyboard */,
				3BB90D1B1C4738CC006A1F8C /* Info.plist */,
				3BB90D0A1C4738CC006A1F8C /* Supporting Files */,
			);
			path = "sll-textGitHubPG";
			sourceTree = "<group>";
		};
		3BB90D0A1C4738CC006A1F8C /* Supporting Files */ = {
			isa = PBXGroup;
			children = (
				3BB90D0B1C4738CC006A1F8C /* main.m */,
			);
			name = "Supporting Files";
			sourceTree = "<group>";
		};
/* End PBXGroup section */

/* Begin PBXNativeTarget section */
		3BB90D061C4738CC006A1F8C /* sll-textGitHubPG */ = {
			isa = PBXNativeTarget;
			buildConfigurationList = 3BB90D1E1C4738CC006A1F8C /* Build configuration list for PBXNativeTarget "sll-textGitHubPG" */;
			buildPhases = (
				3BB90D031C4738CC006A1F8C /* Sources */,
				3BB90D041C4738CC006A1F8C /* Frameworks */,
				3BB90D051C4738CC006A1F8C /* Resources */,
			);
			buildRules = (
			);
			dependencies = (
			);
			name = "sll-textGitHubPG";
			productName = "sll-textGitHubPG";
			productReference = 3BB90D071C4738CC006A1F8C /* sll-textGitHubPG.app */;
			productType = "com.apple.product-type.application";
		};
/* End PBXNativeTarget section */

/* Begin PBXProject section */
		3BB90CFF1C4738CC006A1F8C /* Project object */ = {
			isa = PBXProject;
			attributes = {
				LastUpgradeCheck = 0720;
				ORGANIZATIONNAME = lanou3g;
				TargetAttributes = {
					3BB90D061C4738CC006A1F8C = {
						CreatedOnToolsVersion = 7.2;
						DevelopmentTeam = 9XYWQD253L;
					};
				};
			};
			buildConfigurationList = 3BB90D021C4738CC006A1F8C /* Build configuration list for PBXProject "sll-textGitHubPG" */;
			compatibilityVersion = "Xcode 3.2";
			developmentRegion = English;
			hasScannedForEncodings = 0;
			knownRegions = (
				en,
				Base,
			);
			mainGroup = 3BB90CFE1C4738CC006A1F8C;
			productRefGroup = 3BB90D081C4738CC006A1F8C /* Products */;
			projectDirPath = "";
			projectRoot = "";
			targets = (
				3BB90D061C4738CC006A1F8C /* sll-textGitHubPG */,
			);
		};
/* End PBXProject section */

/* Begin PBXResourcesBuildPhase section */
		3BB90D051C4738CC006A1F8C /* Resources */ = {
			isa = PBXResourcesBuildPhase;
			buildActionMask = 2147483647;
			files = (
				3BB90D1A1C4738CC006A1F8C /* LaunchScreen.storyboard in Resources */,
				3BB90D171C4738CC006A1F8C /* Assets.xcassets in Resources */,
				3BB90D151C4738CC006A1F8C /* Main.storyboard in Resources */,
			);
			runOnlyForDeploymentPostprocessing = 0;
		};
/* End PBXResourcesBuildPhase section */

/* Begin PBXSourcesBuildPhase section */
		3BB90D031C4738CC006A1F8C /* Sources */ = {
			isa = PBXSourcesBuildPhase;
			buildActionMask = 2147483647;
			files = (
				3BB90D121C4738CC006A1F8C /* ViewController.m in Sources */,
				3BB90D0F1C4738CC006A1F8C /* AppDelegate.m in Sources */,
				3BB90D0C1C4738CC006A1F8C /* main.m in Sources */,
			);
			runOnlyForDeploymentPostprocessing = 0;
		};
/* End PBXSourcesBuildPhase section */

/* Begin PBXVariantGroup section */
		3BB90D131C4738CC006A1F8C /* Main.storyboard */ = {
			isa = PBXVariantGroup;
			children = (
				3BB90D141C4738CC006A1F8C /* Base */,
			);
			name = Main.storyboard;
			sourceTree = "<group>";
		};
		3BB90D181C4738CC006A1F8C /* LaunchScreen.storyboard */ = {
			isa = PBXVariantGroup;
			children = (
				3BB90D191C4738CC006A1F8C /* Base */,
			);
			name = LaunchScreen.storyboard;
			sourceTree = "<group>";
		};
/* End PBXVariantGroup section */

/* Begin XCBuildConfiguration section */
		3BB90D1C1C4738CC006A1F8C /* Debug */ = {
			isa = XCBuildConfiguration;
			buildSettings = {
				ALWAYS_SEARCH_USER_PATHS = NO;
				CLANG_CXX_LANGUAGE_STANDARD = "gnu++0x";
				CLANG_CXX_LIBRARY = "libc++";
				CLANG_ENABLE_MODULES = YES;
				CLANG_ENABLE_OBJC_ARC = YES;
				CLANG_WARN_BOOL_CONVERSION = YES;
				CLANG_WARN_CONSTANT_CONVERSION = YES;
				CLANG_WARN_DIRECT_OBJC_ISA_USAGE = YES_ERROR;
				CLANG_WARN_EMPTY_BODY = YES;
				CLANG_WARN_ENUM_CONVERSION = YES;
				CLANG_WARN_INT_CONVERSION = YES;
				CLANG_WARN_OBJC_ROOT_CLASS = YES_ERROR;
				CLANG_WARN_UNREACHABLE_CODE = YES;
				CLANG_WARN__DUPLICATE_METHOD_MATCH = YES;
				"CODE_SIGN_IDENTITY[sdk=iphoneos*]" = "iPhone Developer";
				COPY_PHASE_STRIP = NO;
				DEBUG_INFORMATION_FORMAT = dwarf;
				ENABLE_STRICT_OBJC_MSGSEND = YES;
				ENABLE_TESTABILITY = YES;
				GCC_C_LANGUAGE_STANDARD = gnu99;
				GCC_DYNAMIC_NO_PIC = NO;
				GCC_NO_COMMON_BLOCKS = YES;
				GCC_OPTIMIZATION_LEVEL = 0;
				GCC_PREPROCESSOR_DEFINITIONS = (
					"DEBUG=1",
					"$(inherited)",
				);
				GCC_WARN_64_TO_32_BIT_CONVERSION = YES;
				GCC_WARN_ABOUT_RETURN_TYPE = YES_ERROR;
				GCC_WARN_UNDECLARED_SELECTOR = YES;
				GCC_WARN_UNINITIALIZED_AUTOS = YES_AGGRESSIVE;
				GCC_WARN_UNUSED_FUNCTION = YES;
				GCC_WARN_UNUSED_VARIABLE = YES;
				IPHONEOS_DEPLOYMENT_TARGET = 9.2;
				MTL_ENABLE_DEBUG_INFO = YES;
				ONLY_ACTIVE_ARCH = YES;
				SDKROOT = iphoneos;
				TARGETED_DEVICE_FAMILY = "1,2";
			};
			name = Debug;
		};
		3BB90D1D1C4738CC006A1F8C /* Release */ = {
			isa = XCBuildConfiguration;
			buildSettings = {
				ALWAYS_SEARCH_USER_PATHS = NO;
				CLANG_CXX_LANGUAGE_STANDARD = "gnu++0x";
				CLANG_CXX_LIBRARY = "libc++";
				CLANG_ENABLE_MODULES = YES;
				CLANG_ENABLE_OBJC_ARC = YES;
				CLANG_WARN_BOOL_CONVERSION = YES;
				CLANG_WARN_CONSTANT_CONVERSION = YES;
				CLANG_WARN_DIRECT_OBJC_ISA_USAGE = YES_ERROR;
				CLANG_WARN_EMPTY_BODY = YES;
				CLANG_WARN_ENUM_CONVERSION = YES;
				CLANG_WARN_INT_CONVERSION = YES;
				CLANG_WARN_OBJC_ROOT_CLASS = YES_ERROR;
				CLANG_WARN_UNREACHABLE_CODE = YES;
				CLANG_WARN__DUPLICATE_METHOD_MATCH = YES;
				"CODE_SIGN_IDENTITY[sdk=iphoneos*]" = "iPhone Developer";
				COPY_PHASE_STRIP = NO;
				DEBUG_INFORMATION_FORMAT = "dwarf-with-dsym";
				ENABLE_NS_ASSERTIONS = NO;
				ENABLE_STRICT_OBJC_MSGSEND = YES;
				GCC_C_LANGUAGE_STANDARD = gnu99;
				GCC_NO_COMMON_BLOCKS = YES;
				GCC_WARN_64_TO_32_BIT_CONVERSION = YES;
				GCC_WARN_ABOUT_RETURN_TYPE = YES_ERROR;
				GCC_WARN_UNDECLARED_SELECTOR = YES;
				GCC_WARN_UNINITIALIZED_AUTOS = YES_AGGRESSIVE;
				GCC_WARN_UNUSED_FUNCTION = YES;
				GCC_WARN_UNUSED_VARIABLE = YES;
				IPHONEOS_DEPLOYMENT_TARGET = 9.2;
				MTL_ENABLE_DEBUG_INFO = NO;
				SDKROOT = iphoneos;
				TARGETED_DEVICE_FAMILY = "1,2";
				VALIDATE_PRODUCT = YES;
			};
			name = Release;
		};
		3BB90D1F1C4738CC006A1F8C /* Debug */ = {
			isa = XCBuildConfiguration;
			buildSettings = {
				ASSETCATALOG_COMPILER_APPICON_NAME = AppIcon;
				INFOPLIST_FILE = "sll-textGitHubPG/Info.plist";
				LD_RUNPATH_SEARCH_PATHS = "$(inherited) @executable_path/Frameworks";
				PRODUCT_BUNDLE_IDENTIFIER = "com.975380606-qq.com.sll-textGitHubPG";
				PRODUCT_NAME = "$(TARGET_NAME)";
			};
			name = Debug;
		};
		3BB90D201C4738CC006A1F8C /* Release */ = {
			isa = XCBuildConfiguration;
			buildSettings = {
				ASSETCATALOG_COMPILER_APPICON_NAME = AppIcon;
				INFOPLIST_FILE = "sll-textGitHubPG/Info.plist";
				LD_RUNPATH_SEARCH_PATHS = "$(inherited) @executable_path/Frameworks";
				PRODUCT_BUNDLE_IDENTIFIER = "com.975380606-qq.com.sll-textGitHubPG";
				PRODUCT_NAME = "$(TARGET_NAME)";
			};
			name = Release;
		};
/* End XCBuildConfiguration section */

/* Begin XCConfigurationList section */
		3BB90D021C4738CC006A1F8C /* Build configuration list for PBXProject "sll-textGitHubPG" */ = {
			isa = XCConfigurationList;
			buildConfigurations = (
				3BB90D1C1C4738CC006A1F8C /* Debug */,
				3BB90D1D1C4738CC006A1F8C /* Release */,
			);
			defaultConfigurationIsVisible = 0;
			defaultConfigurationName = Release;
		};
		3BB90D1E1C4738CC006A1F8C /* Build configuration list for PBXNativeTarget "sll-textGitHubPG" */ = {
			isa = XCConfigurationList;
			buildConfigurations = (
				3BB90D1F1C4738CC006A1F8C /* Debug */,
				3BB90D201C4738CC006A1F8C /* Release */,
			);
			defaultConfigurationIsVisible = 0;
		};
/* End XCConfigurationList section */
	};
	rootObject = 3BB90CFF1C4738CC006A1F8C /* Project object */;
}
